
Microsoft Visual Studio Solution File, Format Version 12.00
# Visual Studio Version 17
VisualStudioVersion = 17.3.32922.545
MinimumVisualStudioVersion = 10.0.40219.1
Project("{FAE04EC0-301F-11D3-BF4B-00C04F79EFBC}") = "AppTimer", "AppTimer.csproj", "{7126FB4F-449D-49EB-A229-0297227E6542}"
EndProject
Global
	GlobalSection(SolutionConfigurationPlatforms) = preSolution
		Debug|Any CPU = Debug|Any CPU
		Release|Any CPU = Release|Any CPU
	EndGlobalSection
	GlobalSection(ProjectConfigurationPlatforms) = postSolution
		{7126FB4F-449D-49EB-A229-0297227E6542}.Debug|Any CPU.ActiveCfg = Debug|Any CPU
		{7126FB4F-449D-49EB-A229-0297227E6542}.Debug|Any CPU.Build.0 = Debug|Any CPU
		{7126FB4F-449D-49EB-A229-0297227E6542}.Release|Any CPU.ActiveCfg = Release|Any CPU
		{7126FB4F-449D-49EB-A229-0297227E6542}.Release|Any CPU.Build.0 = Release|Any CPU
	EndGlobalSection
	GlobalSection(SolutionProperties) = preSolution
		HideSolutionNode = FALSE
	EndGlobalSection
	GlobalSection(ExtensibilityGlobals) = postSolution
		SolutionGuid = {1A46520E-64A1-4E17-B85C-EF6B195F6B55}
	EndGlobalSection
EndGlobal
